// !$*UTF8*$!
{
	archiveVersion = 1;
	classes = {
	};
	objectVersion = 46;
	objects = {

/* Begin PBXBuildFile section */
		5FAEC8CA19FEBBC400F45DBC /* AppDelegate.swift in Sources */ = {isa = PBXBuildFile; fileRef = 5FAEC8C919FEBBC400F45DBC /* AppDelegate.swift */; };
		5FAEC8CE19FEBBC400F45DBC /* GameScene.swift in Sources */ = {isa = PBXBuildFile; fileRef = 5FAEC8CD19FEBBC400F45DBC /* GameScene.swift */; };
		5FAEC8D019FEBBC400F45DBC /* GameViewController.swift in Sources */ = {isa = PBXBuildFile; fileRef = 5FAEC8CF19FEBBC400F45DBC /* GameViewController.swift */; };
		5FAEC8D319FEBBC400F45DBC /* Main.storyboard in Resources */ = {isa = PBXBuildFile; fileRef = 5FAEC8D119FEBBC400F45DBC /* Main.storyboard */; };
		5FAEC8D519FEBBC400F45DBC /* Images.xcassets in Resources */ = {isa = PBXBuildFile; fileRef = 5FAEC8D419FEBBC400F45DBC /* Images.xcassets */; };
		5FAEC8D819FEBBC400F45DBC /* LaunchScreen.xib in Resources */ = {isa = PBXBuildFile; fileRef = 5FAEC8D619FEBBC400F45DBC /* LaunchScreen.xib */; };
		5FAEC8E419FEBBC400F45DBC /* CookieCrunchTests.swift in Sources */ = {isa = PBXBuildFile; fileRef = 5FAEC8E319FEBBC400F45DBC /* CookieCrunchTests.swift */; };
		5FAEC8EE19FEBBF400F45DBC /* Sprites.atlas in Resources */ = {isa = PBXBuildFile; fileRef = 5FAEC8ED19FEBBF400F45DBC /* Sprites.atlas */; };
		5FAEC8F019FEBDB900F45DBC /* Cookie.swift in Sources */ = {isa = PBXBuildFile; fileRef = 5FAEC8EF19FEBDB900F45DBC /* Cookie.swift */; };
		5FAEC8F219FEBF9B00F45DBC /* Set.swift in Sources */ = {isa = PBXBuildFile; fileRef = 5FAEC8F119FEBF9B00F45DBC /* Set.swift */; };
		5FAEC8F419FEC04300F45DBC /* Level.swift in Sources */ = {isa = PBXBuildFile; fileRef = 5FAEC8F319FEC04300F45DBC /* Level.swift */; };
		5FAEC8F619FEC5B100F45DBC /* Array2D.swift in Sources */ = {isa = PBXBuildFile; fileRef = 5FAEC8F519FEC5B100F45DBC /* Array2D.swift */; };
		5FAEC8FD19FEC62A00F45DBC /* Level_0.json in Resources */ = {isa = PBXBuildFile; fileRef = 5FAEC8F819FEC62A00F45DBC /* Level_0.json */; };
		5FAEC8FE19FEC62A00F45DBC /* Level_1.json in Resources */ = {isa = PBXBuildFile; fileRef = 5FAEC8F919FEC62A00F45DBC /* Level_1.json */; };
		5FAEC8FF19FEC62A00F45DBC /* Level_2.json in Resources */ = {isa = PBXBuildFile; fileRef = 5FAEC8FA19FEC62A00F45DBC /* Level_2.json */; };
		5FAEC90019FEC62A00F45DBC /* Level_3.json in Resources */ = {isa = PBXBuildFile; fileRef = 5FAEC8FB19FEC62A00F45DBC /* Level_3.json */; };
		5FAEC90119FEC62A00F45DBC /* Level_4.json in Resources */ = {isa = PBXBuildFile; fileRef = 5FAEC8FC19FEC62A00F45DBC /* Level_4.json */; };
		5FAEC90319FECA6F00F45DBC /* Swap.swift in Sources */ = {isa = PBXBuildFile; fileRef = 5FAEC90219FECA6F00F45DBC /* Swap.swift */; };
/* End PBXBuildFile section */

/* Begin PBXContainerItemProxy section */
		5FAEC8DE19FEBBC400F45DBC /* PBXContainerItemProxy */ = {
			isa = PBXContainerItemProxy;
			containerPortal = 5FAEC8BC19FEBBC400F45DBC /* Project object */;
			proxyType = 1;
			remoteGlobalIDString = 5FAEC8C319FEBBC400F45DBC;
			remoteInfo = CookieCrunch;
		};
/* End PBXContainerItemProxy section */

/* Begin PBXFileReference section */
		5FAEC8C419FEBBC400F45DBC /* CookieCrunch.app */ = {isa = PBXFileReference; explicitFileType = wrapper.application; includeInIndex = 0; path = CookieCrunch.app; sourceTree = BUILT_PRODUCTS_DIR; };
		5FAEC8C819FEBBC400F45DBC /* Info.plist */ = {isa = PBXFileReference; lastKnownFileType = text.plist.xml; path = Info.plist; sourceTree = "<group>"; };
		5FAEC8C919FEBBC400F45DBC /* AppDelegate.swift */ = {isa = PBXFileReference; lastKnownFileType = sourcecode.swift; path = AppDelegate.swift; sourceTree = "<group>"; };
		5FAEC8CD19FEBBC400F45DBC /* GameScene.swift */ = {isa = PBXFileReference; lastKnownFileType = sourcecode.swift; path = GameScene.swift; sourceTree = "<group>"; };
		5FAEC8CF19FEBBC400F45DBC /* GameViewController.swift */ = {isa = PBXFileReference; lastKnownFileType = sourcecode.swift; path = GameViewController.swift; sourceTree = "<group>"; };
		5FAEC8D219FEBBC400F45DBC /* Base */ = {isa = PBXFileReference; lastKnownFileType = file.storyboard; name = Base; path = Base.lproj/Main.storyboard; sourceTree = "<group>"; };
		5FAEC8D419FEBBC400F45DBC /* Images.xcassets */ = {isa = PBXFileReference; lastKnownFileType = folder.assetcatalog; path = Images.xcassets; sourceTree = "<group>"; };
		5FAEC8D719FEBBC400F45DBC /* Base */ = {isa = PBXFileReference; lastKnownFileType = file.xib; name = Base; path = Base.lproj/LaunchScreen.xib; sourceTree = "<group>"; };
		5FAEC8DD19FEBBC400F45DBC /* CookieCrunchTests.xctest */ = {isa = PBXFileReference; explicitFileType = wrapper.cfbundle; includeInIndex = 0; path = CookieCrunchTests.xctest; sourceTree = BUILT_PRODUCTS_DIR; };
		5FAEC8E219FEBBC400F45DBC /* Info.plist */ = {isa = PBXFileReference; lastKnownFileType = text.plist.xml; path = Info.plist; sourceTree = "<group>"; };
		5FAEC8E319FEBBC400F45DBC /* CookieCrunchTests.swift */ = {isa = PBXFileReference; lastKnownFileType = sourcecode.swift; path = CookieCrunchTests.swift; sourceTree = "<group>"; };
		5FAEC8ED19FEBBF400F45DBC /* Sprites.atlas */ = {isa = PBXFileReference; lastKnownFileType = folder.skatlas; path = Sprites.atlas; sourceTree = "<group>"; };
		5FAEC8EF19FEBDB900F45DBC /* Cookie.swift */ = {isa = PBXFileReference; fileEncoding = 4; lastKnownFileType = sourcecode.swift; path = Cookie.swift; sourceTree = "<group>"; };
		5FAEC8F119FEBF9B00F45DBC /* Set.swift */ = {isa = PBXFileReference; fileEncoding = 4; lastKnownFileType = sourcecode.swift; path = Set.swift; sourceTree = "<group>"; };
		5FAEC8F319FEC04300F45DBC /* Level.swift */ = {isa = PBXFileReference; fileEncoding = 4; lastKnownFileType = sourcecode.swift; path = Level.swift; sourceTree = "<group>"; };
		5FAEC8F519FEC5B100F45DBC /* Array2D.swift */ = {isa = PBXFileReference; fileEncoding = 4; lastKnownFileType = sourcecode.swift; path = Array2D.swift; sourceTree = "<group>"; };
		5FAEC8F819FEC62A00F45DBC /* Level_0.json */ = {isa = PBXFileReference; fileEncoding = 4; lastKnownFileType = text.json; path = Level_0.json; sourceTree = "<group>"; };
		5FAEC8F919FEC62A00F45DBC /* Level_1.json */ = {isa = PBXFileReference; fileEncoding = 4; lastKnownFileType = text.json; path = Level_1.json; sourceTree = "<group>"; };
		5FAEC8FA19FEC62A00F45DBC /* Level_2.json */ = {isa = PBXFileReference; fileEncoding = 4; lastKnownFileType = text.json; path = Level_2.json; sourceTree = "<group>"; };
		5FAEC8FB19FEC62A00F45DBC /* Level_3.json */ = {isa = PBXFileReference; fileEncoding = 4; lastKnownFileType = text.json; path = Level_3.json; sourceTree = "<group>"; };
		5FAEC8FC19FEC62A00F45DBC /* Level_4.json */ = {isa = PBXFileReference; fileEncoding = 4; lastKnownFileType = text.json; path = Level_4.json; sourceTree = "<group>"; };
		5FAEC90219FECA6F00F45DBC /* Swap.swift */ = {isa = PBXFileReference; fileEncoding = 4; lastKnownFileType = sourcecode.swift; path = Swap.swift; sourceTree = "<group>"; };
/* End PBXFileReference section */

/* Begin PBXFrameworksBuildPhase section */
		5FAEC8C119FEBBC400F45DBC /* Frameworks */ = {
			isa = PBXFrameworksBuildPhase;
			buildActionMask = 2147483647;
			files = (
			);
			runOnlyForDeploymentPostprocessing = 0;
		};
		5FAEC8DA19FEBBC400F45DBC /* Frameworks */ = {
			isa = PBXFrameworksBuildPhase;
			buildActionMask = 2147483647;
			files = (
			);
			runOnlyForDeploymentPostprocessing = 0;
		};
/* End PBXFrameworksBuildPhase section */

/* Begin PBXGroup section */
		5FAEC8BB19FEBBC400F45DBC = {
			isa = PBXGroup;
			children = (
				5FAEC8C619FEBBC400F45DBC /* CookieCrunch */,
				5FAEC8E019FEBBC400F45DBC /* CookieCrunchTests */,
				5FAEC8C519FEBBC400F45DBC /* Products */,
			);
			sourceTree = "<group>";
		};
		5FAEC8C519FEBBC400F45DBC /* Products */ = {
			isa = PBXGroup;
			children = (
				5FAEC8C419FEBBC400F45DBC /* CookieCrunch.app */,
				5FAEC8DD19FEBBC400F45DBC /* CookieCrunchTests.xctest */,
			);
			name = Products;
			sourceTree = "<group>";
		};
		5FAEC8C619FEBBC400F45DBC /* CookieCrunch */ = {
			isa = PBXGroup;
			children = (
				5FAEC8F719FEC62A00F45DBC /* Levels */,
				5FAEC8F519FEC5B100F45DBC /* Array2D.swift */,
				5FAEC8ED19FEBBF400F45DBC /* Sprites.atlas */,
				5FAEC8C919FEBBC400F45DBC /* AppDelegate.swift */,
				5FAEC8CD19FEBBC400F45DBC /* GameScene.swift */,
				5FAEC90219FECA6F00F45DBC /* Swap.swift */,
				5FAEC8CF19FEBBC400F45DBC /* GameViewController.swift */,
				5FAEC8D119FEBBC400F45DBC /* Main.storyboard */,
				5FAEC8D419FEBBC400F45DBC /* Images.xcassets */,
				5FAEC8EF19FEBDB900F45DBC /* Cookie.swift */,
				5FAEC8D619FEBBC400F45DBC /* LaunchScreen.xib */,
				5FAEC8C719FEBBC400F45DBC /* Supporting Files */,
				5FAEC8F119FEBF9B00F45DBC /* Set.swift */,
				5FAEC8F319FEC04300F45DBC /* Level.swift */,
			);
			path = CookieCrunch;
			sourceTree = "<group>";
		};
		5FAEC8C719FEBBC400F45DBC /* Supporting Files */ = {
			isa = PBXGroup;
			children = (
				5FAEC8C819FEBBC400F45DBC /* Info.plist */,
			);
			name = "Supporting Files";
			sourceTree = "<group>";
		};
		5FAEC8E019FEBBC400F45DBC /* CookieCrunchTests */ = {
			isa = PBXGroup;
			children = (
				5FAEC8E319FEBBC400F45DBC /* CookieCrunchTests.swift */,
				5FAEC8E119FEBBC400F45DBC /* Supporting Files */,
			);
			path = CookieCrunchTests;
			sourceTree = "<group>";
		};
		5FAEC8E119FEBBC400F45DBC /* Supporting Files */ = {
			isa = PBXGroup;
			children = (
				5FAEC8E219FEBBC400F45DBC /* Info.plist */,
			);
			name = "Supporting Files";
			sourceTree = "<group>";
		};
		5FAEC8F719FEC62A00F45DBC /* Levels */ = {
			isa = PBXGroup;
			children = (
				5FAEC8F819FEC62A00F45DBC /* Level_0.json */,
				5FAEC8F919FEC62A00F45DBC /* Level_1.json */,
				5FAEC8FA19FEC62A00F45DBC /* Level_2.json */,
				5FAEC8FB19FEC62A00F45DBC /* Level_3.json */,
				5FAEC8FC19FEC62A00F45DBC /* Level_4.json */,
			);
			path = Levels;
			sourceTree = "<group>";
		};
/* End PBXGroup section */

/* Begin PBXNativeTarget section */
		5FAEC8C319FEBBC400F45DBC /* CookieCrunch */ = {
			isa = PBXNativeTarget;
			buildConfigurationList = 5FAEC8E719FEBBC400F45DBC /* Build configuration list for PBXNativeTarget "CookieCrunch" */;
			buildPhases = (
				5FAEC8C019FEBBC400F45DBC /* Sources */,
				5FAEC8C119FEBBC400F45DBC /* Frameworks */,
				5FAEC8C219FEBBC400F45DBC /* Resources */,
			);
			buildRules = (
			);
			dependencies = (
			);
			name = CookieCrunch;
			productName = CookieCrunch;
			productReference = 5FAEC8C419FEBBC400F45DBC /* CookieCrunch.app */;
			productType = "com.apple.product-type.application";
		};
		5FAEC8DC19FEBBC400F45DBC /* CookieCrunchTests */ = {
			isa = PBXNativeTarget;
			buildConfigurationList = 5FAEC8EA19FEBBC400F45DBC /* Build configuration list for PBXNativeTarget "CookieCrunchTests" */;
			buildPhases = (
				5FAEC8D919FEBBC400F45DBC /* Sources */,
				5FAEC8DA19FEBBC400F45DBC /* Frameworks */,
				5FAEC8DB19FEBBC400F45DBC /* Resources */,
			);
			buildRules = (
			);
			dependencies = (
				5FAEC8DF19FEBBC400F45DBC /* PBXTargetDependency */,
			);
			name = CookieCrunchTests;
			productName = CookieCrunchTests;
			productReference = 5FAEC8DD19FEBBC400F45DBC /* CookieCrunchTests.xctest */;
			productType = "com.apple.product-type.bundle.unit-test";
		};
/* End PBXNativeTarget section */

/* Begin PBXProject section */
		5FAEC8BC19FEBBC400F45DBC /* Project object */ = {
			isa = PBXProject;
			attributes = {
				LastUpgradeCheck = 0610;
				ORGANIZATIONNAME = Firebase;
				TargetAttributes = {
					5FAEC8C319FEBBC400F45DBC = {
						CreatedOnToolsVersion = 6.1;
					};
					5FAEC8DC19FEBBC400F45DBC = {
						CreatedOnToolsVersion = 6.1;
						TestTargetID = 5FAEC8C319FEBBC400F45DBC;
					};
				};
			};
			buildConfigurationList = 5FAEC8BF19FEBBC400F45DBC /* Build configuration list for PBXProject "CookieCrunch" */;
			compatibilityVersion = "Xcode 3.2";
			developmentRegion = English;
			hasScannedForEncodings = 0;
			knownRegions = (
				en,
				Base,
			);
			mainGroup = 5FAEC8BB19FEBBC400F45DBC;
			productRefGroup = 5FAEC8C519FEBBC400F45DBC /* Products */;
			projectDirPath = "";
			projectRoot = "";
			targets = (
				5FAEC8C319FEBBC400F45DBC /* CookieCrunch */,
				5FAEC8DC19FEBBC400F45DBC /* CookieCrunchTests */,
			);
		};
/* End PBXProject section */

/* Begin PBXResourcesBuildPhase section */
		5FAEC8C219FEBBC400F45DBC /* Resources */ = {
			isa = PBXResourcesBuildPhase;
			buildActionMask = 2147483647;
			files = (
				5FAEC8D819FEBBC400F45DBC /* LaunchScreen.xib in Resources */,
				5FAEC90119FEC62A00F45DBC /* Level_4.json in Resources */,
				5FAEC8FF19FEC62A00F45DBC /* Level_2.json in Resources */,
				5FAEC8FD19FEC62A00F45DBC /* Level_0.json in Resources */,
				5FAEC8D519FEBBC400F45DBC /* Images.xcassets in Resources */,
				5FAEC8D319FEBBC400F45DBC /* Main.storyboard in Resources */,
				5FAEC8FE19FEC62A00F45DBC /* Level_1.json in Resources */,
				5FAEC90019FEC62A00F45DBC /* Level_3.json in Resources */,
				5FAEC8EE19FEBBF400F45DBC /* Sprites.atlas in Resources */,
			);
			runOnlyForDeploymentPostprocessing = 0;
		};
		5FAEC8DB19FEBBC400F45DBC /* Resources */ = {
			isa = PBXResourcesBuildPhase;
			buildActionMask = 2147483647;
			files = (
			);
			runOnlyForDeploymentPostprocessing = 0;
		};
/* End PBXResourcesBuildPhase section */

/* Begin PBXSourcesBuildPhase section */
		5FAEC8C019FEBBC400F45DBC /* Sources */ = {
			isa = PBXSourcesBuildPhase;
			buildActionMask = 2147483647;
			files = (
				5FAEC90319FECA6F00F45DBC /* Swap.swift in Sources */,
				5FAEC8F619FEC5B100F45DBC /* Array2D.swift in Sources */,
				5FAEC8F419FEC04300F45DBC /* Level.swift in Sources */,
				5FAEC8F219FEBF9B00F45DBC /* Set.swift in Sources */,
				5FAEC8CE19FEBBC400F45DBC /* GameScene.swift in Sources */,
				5FAEC8F019FEBDB900F45DBC /* Cookie.swift in Sources */,
				5FAEC8D019FEBBC400F45DBC /* GameViewController.swift in Sources */,
				5FAEC8CA19FEBBC400F45DBC /* AppDelegate.swift in Sources */,
			);
			runOnlyForDeploymentPostprocessing = 0;
		};
		5FAEC8D919FEBBC400F45DBC /* Sources */ = {
			isa = PBXSourcesBuildPhase;
			buildActionMask = 2147483647;
			files = (
				5FAEC8E419FEBBC400F45DBC /* CookieCrunchTests.swift in Sources */,
			);
			runOnlyForDeploymentPostprocessing = 0;
		};
/* End PBXSourcesBuildPhase section */

/* Begin PBXTargetDependency section */
		5FAEC8DF19FEBBC400F45DBC /* PBXTargetDependency */ = {
			isa = PBXTargetDependency;
			target = 5FAEC8C319FEBBC400F45DBC /* CookieCrunch */;
			targetProxy = 5FAEC8DE19FEBBC400F45DBC /* PBXContainerItemProxy */;
		};
/* End PBXTargetDependency section */

/* Begin PBXVariantGroup section */
		5FAEC8D119FEBBC400F45DBC /* Main.storyboard */ = {
			isa = PBXVariantGroup;
			children = (
				5FAEC8D219FEBBC400F45DBC /* Base */,
			);
			name = Main.storyboard;
			sourceTree = "<group>";
		};
		5FAEC8D619FEBBC400F45DBC /* LaunchScreen.xib */ = {
			isa = PBXVariantGroup;
			children = (
				5FAEC8D719FEBBC400F45DBC /* Base */,
			);
			name = LaunchScreen.xib;
			sourceTree = "<group>";
		};
/* End PBXVariantGroup section */

/* Begin XCBuildConfiguration section */
		5FAEC8E519FEBBC400F45DBC /* Debug */ = {
			isa = XCBuildConfiguration;
			buildSettings = {
				ALWAYS_SEARCH_USER_PATHS = NO;
				CLANG_CXX_LANGUAGE_STANDARD = "gnu++0x";
				CLANG_CXX_LIBRARY = "libc++";
				CLANG_ENABLE_MODULES = YES;
				CLANG_ENABLE_OBJC_ARC = YES;
				CLANG_WARN_BOOL_CONVERSION = YES;
				CLANG_WARN_CONSTANT_CONVERSION = YES;
				CLANG_WARN_DIRECT_OBJC_ISA_USAGE = YES_ERROR;
				CLANG_WARN_EMPTY_BODY = YES;
				CLANG_WARN_ENUM_CONVERSION = YES;
				CLANG_WARN_INT_CONVERSION = YES;
				CLANG_WARN_OBJC_ROOT_CLASS = YES_ERROR;
				CLANG_WARN_UNREACHABLE_CODE = YES;
				CLANG_WARN__DUPLICATE_METHOD_MATCH = YES;
				"CODE_SIGN_IDENTITY[sdk=iphoneos*]" = "iPhone Developer";
				COPY_PHASE_STRIP = NO;
				ENABLE_STRICT_OBJC_MSGSEND = YES;
				GCC_C_LANGUAGE_STANDARD = gnu99;
				GCC_DYNAMIC_NO_PIC = NO;
				GCC_OPTIMIZATION_LEVEL = 0;
				GCC_PREPROCESSOR_DEFINITIONS = (
					"DEBUG=1",
					"$(inherited)",
				);
				GCC_SYMBOLS_PRIVATE_EXTERN = NO;
				GCC_WARN_64_TO_32_BIT_CONVERSION = YES;
				GCC_WARN_ABOUT_RETURN_TYPE = YES_ERROR;
				GCC_WARN_UNDECLARED_SELECTOR = YES;
				GCC_WARN_UNINITIALIZED_AUTOS = YES_AGGRESSIVE;
				GCC_WARN_UNUSED_FUNCTION = YES;
				GCC_WARN_UNUSED_VARIABLE = YES;
				IPHONEOS_DEPLOYMENT_TARGET = 8.1;
				MTL_ENABLE_DEBUG_INFO = YES;
				ONLY_ACTIVE_ARCH = YES;
				SDKROOT = iphoneos;
				SWIFT_OPTIMIZATION_LEVEL = "-Onone";
			};
			name = Debug;
		};
		5FAEC8E619FEBBC400F45DBC /* Release */ = {
			isa = XCBuildConfiguration;
			buildSettings = {
				ALWAYS_SEARCH_USER_PATHS = NO;
				CLANG_CXX_LANGUAGE_STANDARD = "gnu++0x";
				CLANG_CXX_LIBRARY = "libc++";
				CLANG_ENABLE_MODULES = YES;
				CLANG_ENABLE_OBJC_ARC = YES;
				CLANG_WARN_BOOL_CONVERSION = YES;
				CLANG_WARN_CONSTANT_CONVERSION = YES;
				CLANG_WARN_DIRECT_OBJC_ISA_USAGE = YES_ERROR;
				CLANG_WARN_EMPTY_BODY = YES;
				CLANG_WARN_ENUM_CONVERSION = YES;
				CLANG_WARN_INT_CONVERSION = YES;
				CLANG_WARN_OBJC_ROOT_CLASS = YES_ERROR;
				CLANG_WARN_UNREACHABLE_CODE = YES;
				CLANG_WARN__DUPLICATE_METHOD_MATCH = YES;
				"CODE_SIGN_IDENTITY[sdk=iphoneos*]" = "iPhone Developer";
				COPY_PHASE_STRIP = YES;
				ENABLE_NS_ASSERTIONS = NO;
				ENABLE_STRICT_OBJC_MSGSEND = YES;
				GCC_C_LANGUAGE_STANDARD = gnu99;
				GCC_WARN_64_TO_32_BIT_CONVERSION = YES;
				GCC_WARN_ABOUT_RETURN_TYPE = YES_ERROR;
				GCC_WARN_UNDECLARED_SELECTOR = YES;
				GCC_WARN_UNINITIALIZED_AUTOS = YES_AGGRESSIVE;
				GCC_WARN_UNUSED_FUNCTION = YES;
				GCC_WARN_UNUSED_VARIABLE = YES;
				IPHONEOS_DEPLOYMENT_TARGET = 8.1;
				MTL_ENABLE_DEBUG_INFO = NO;
				SDKROOT = iphoneos;
				VALIDATE_PRODUCT = YES;
			};
			name = Release;
		};
		5FAEC8E819FEBBC400F45DBC /* Debug */ = {
			isa = XCBuildConfiguration;
			buildSettings = {
				ASSETCATALOG_COMPILER_APPICON_NAME = AppIcon;
				INFOPLIST_FILE = CookieCrunch/Info.plist;
				LD_RUNPATH_SEARCH_PATHS = "$(inherited) @executable_path/Frameworks";
				PRODUCT_NAME = "$(TARGET_NAME)";
			};
			name = Debug;
		};
		5FAEC8E919FEBBC400F45DBC /* Release */ = {
			isa = XCBuildConfiguration;
			buildSettings = {
				ASSETCATALOG_COMPILER_APPICON_NAME = AppIcon;
				INFOPLIST_FILE = CookieCrunch/Info.plist;
				LD_RUNPATH_SEARCH_PATHS = "$(inherited) @executable_path/Frameworks";
				PRODUCT_NAME = "$(TARGET_NAME)";
			};
			name = Release;
		};
		5FAEC8EB19FEBBC400F45DBC /* Debug */ = {
			isa = XCBuildConfiguration;
			buildSettings = {
				BUNDLE_LOADER = "$(TEST_HOST)";
				FRAMEWORK_SEARCH_PATHS = (
					"$(SDKROOT)/Developer/Library/Frameworks",
					"$(inherited)",
				);
				GCC_PREPROCESSOR_DEFINITIONS = (
					"DEBUG=1",
					"$(inherited)",
				);
				INFOPLIST_FILE = CookieCrunchTests/Info.plist;
				LD_RUNPATH_SEARCH_PATHS = "$(inherited) @executable_path/Frameworks @loader_path/Frameworks";
				PRODUCT_NAME = "$(TARGET_NAME)";
				TEST_HOST = "$(BUILT_PRODUCTS_DIR)/CookieCrunch.app/CookieCrunch";
			};
			name = Debug;
		};
		5FAEC8EC19FEBBC400F45DBC /* Release */ = {
			isa = XCBuildConfiguration;
			buildSettings = {
				BUNDLE_LOADER = "$(TEST_HOST)";
				FRAMEWORK_SEARCH_PATHS = (
					"$(SDKROOT)/Developer/Library/Frameworks",
					"$(inherited)",
				);
				INFOPLIST_FILE = CookieCrunchTests/Info.plist;
				LD_RUNPATH_SEARCH_PATHS = "$(inherited) @executable_path/Frameworks @loader_path/Frameworks";
				PRODUCT_NAME = "$(TARGET_NAME)";
				TEST_HOST = "$(BUILT_PRODUCTS_DIR)/CookieCrunch.app/CookieCrunch";
			};
			name = Release;
		};
/* End XCBuildConfiguration section */

/* Begin XCConfigurationList section */
		5FAEC8BF19FEBBC400F45DBC /* Build configuration list for PBXProject "CookieCrunch" */ = {
			isa = XCConfigurationList;
			buildConfigurations = (
				5FAEC8E519FEBBC400F45DBC /* Debug */,
				5FAEC8E619FEBBC400F45DBC /* Release */,
			);
			defaultConfigurationIsVisible = 0;
			defaultConfigurationName = Release;
		};
		5FAEC8E719FEBBC400F45DBC /* Build configuration list for PBXNativeTarget "CookieCrunch" */ = {
			isa = XCConfigurationList;
			buildConfigurations = (
				5FAEC8E819FEBBC400F45DBC /* Debug */,
				5FAEC8E919FEBBC400F45DBC /* Release */,
			);
			defaultConfigurationIsVisible = 0;
		};
		5FAEC8EA19FEBBC400F45DBC /* Build configuration list for PBXNativeTarget "CookieCrunchTests" */ = {
			isa = XCConfigurationList;
			buildConfigurations = (
				5FAEC8EB19FEBBC400F45DBC /* Debug */,
				5FAEC8EC19FEBBC400F45DBC /* Release */,
			);
			defaultConfigurationIsVisible = 0;
		};
/* End XCConfigurationList section */
	};
	rootObject = 5FAEC8BC19FEBBC400F45DBC /* Project object */;
}
